# This file is generated by running "yarn install" inside your project.
# Manual changes might be lost - proceed with caution!

__metadata:
  version: 10
  cacheKey: 10c0

"@isaacs/fs-minipass@npm:^4.0.0":
  version: 4.0.1
  resolution: "@isaacs/fs-minipass@npm:4.0.1"
  dependencies:
    minipass: "npm:^7.0.4"
  checksum: 10c0/c25b6dc1598790d5b55c0947a9b7d111cfa92594db5296c3b907e2f533c033666f692a3939eadac17b1c7c40d362d0b0635dc874cbfe3e70db7c2b07cc97a5d2
  languageName: node
  linkType: hard

"@parcel/watcher-android-arm64@npm:2.6.0":
  version: 2.6.0
  resolution: "@parcel/watcher-android-arm64@npm:2.6.0"
  conditions: os=android & cpu=arm64
  languageName: node
  linkType: hard

"@parcel/watcher-darwin-arm64@npm:2.6.0":
  version: 2.6.0
  resolution: "@parcel/watcher-darwin-arm64@npm:2.6.0"
  conditions: os=darwin & cpu=arm64
  languageName: node
  linkType: hard

"@parcel/watcher-darwin-x64@npm:2.6.0":
  version: 2.6.0
  resolution: "@parcel/watcher-darwin-x64@npm:2.6.0"
  conditions: os=darwin & cpu=x64
  languageName: node
  linkType: hard

"@parcel/watcher-freebsd-x64@npm:2.6.0":
  version: 2.6.0
  resolution: "@parcel/watcher-freebsd-x64@npm:2.6.0"
  conditions: os=freebsd & cpu=x64
  languageName: node
  linkType: hard

"@parcel/watcher-linux-arm-glibc@npm:2.6.0":
  version: 2.6.0
  resolution: "@parcel/watcher-linux-arm-glibc@npm:2.6.0"
  conditions: os=linux & cpu=arm & libc=glibc
  languageName: node
  linkType: hard

"@parcel/watcher-linux-arm-musl@npm:2.6.0":
  version: 2.6.0
  resolution: "@parcel/watcher-linux-arm-musl@npm:2.6.0"
  conditions: os=linux & cpu=arm & libc=musl
  languageName: node
  linkType: hard

"@parcel/watcher-linux-arm64-glibc@npm:2.6.0":
  version: 2.6.0
  resolution: "@parcel/watcher-linux-arm64-glibc@npm:2.6.0"
  conditions: os=linux & cpu=arm64 & libc=glibc
  languageName: node
  linkType: hard

"@parcel/watcher-linux-arm64-musl@npm:2.6.0":
  version: 2.6.0
  resolution: "@parcel/watcher-linux-arm64-musl@npm:2.6.0"
  conditions: os=linux & cpu=arm64 & libc=musl
  languageName: node
  linkType: hard

"@parcel/watcher-linux-x64-glibc@npm:2.6.0":
  version: 2.6.0
  resolution: "@parcel/watcher-linux-x64-glibc@npm:2.6.0"
  conditions: os=linux & cpu=x64 & libc=glibc
  languageName: node
  linkType: hard

"@parcel/watcher-linux-x64-musl@npm:2.6.0":
  version: 2.6.0
  resolution: "@parcel/watcher-linux-x64-musl@npm:2.6.0"
  conditions: os=linux & cpu=x64 & libc=musl
  languageName: node
  linkType: hard

"@parcel/watcher-win32-arm64@npm:2.6.0":
  version: 2.6.0
  resolution: "@parcel/watcher-win32-arm64@npm:2.6.0"
  conditions: os=win32 & cpu=arm64
  languageName: node
  linkType: hard

"@parcel/watcher-win32-x64@npm:2.6.0":
  version: 2.6.0
  resolution: "@parcel/watcher-win32-x64@npm:2.6.0"
  conditions: os=win32 & cpu=x64
  languageName: node
  linkType: hard

"@parcel/watcher@npm:^2.4.1":
  version: 2.6.0
  resolution: "@parcel/watcher@npm:2.6.0"
  dependencies:
    "@parcel/watcher-android-arm64": "npm:2.6.0"
    "@parcel/watcher-darwin-arm64": "npm:2.6.0"
    "@parcel/watcher-darwin-x64": "npm:2.6.0"
    "@parcel/watcher-freebsd-x64": "npm:2.6.0"
    "@parcel/watcher-linux-arm-glibc": "npm:2.6.0"
    "@parcel/watcher-linux-arm-musl": "npm:2.6.0"
    "@parcel/watcher-linux-arm64-glibc": "npm:2.6.0"
    "@parcel/watcher-linux-arm64-musl": "npm:2.6.0"
    "@parcel/watcher-linux-x64-glibc": "npm:2.6.0"
    "@parcel/watcher-linux-x64-musl": "npm:2.6.0"
    "@parcel/watcher-win32-arm64": "npm:2.6.0"
    "@parcel/watcher-win32-x64": "npm:2.6.0"
    detect-libc: "npm:^2.0.3"
    is-glob: "npm:^4.0.3"
    node-addon-api: "npm:^7.0.0"
    node-gyp: "npm:latest"
    picomatch: "npm:^4.0.4"
  dependenciesMeta:
    "@parcel/watcher-android-arm64":
      optional: true
    "@parcel/watcher-darwin-arm64":
      optional: true
    "@parcel/watcher-darwin-x64":
      optional: true
    "@parcel/watcher-freebsd-x64":
      optional: true
    "@parcel/watcher-linux-arm-glibc":
      optional: true
    "@parcel/watcher-linux-arm-musl":
      optional: true
    "@parcel/watcher-linux-arm64-glibc":
      optional: true
    "@parcel/watcher-linux-arm64-musl":
      optional: true
    "@parcel/watcher-linux-x64-glibc":
      optional: true
    "@parcel/watcher-linux-x64-musl":
      optional: true
    "@parcel/watcher-win32-arm64":
      optional: true
    "@parcel/watcher-win32-x64":
      optional: true
  checksum: 10c0/0d6799bdf7d59a1ab5e4a79859035f387a66078586d9543eef0b9bd01c9d61cebe3b64eb96f0bd1f8bf50f07ed7266a1628604b66dc63025a3cee19be2e60d65
  languageName: node
  linkType: hard

"@popperjs/core@npm:^2.11.8":
  version: 2.11.8
  resolution: "@popperjs/core@npm:2.11.8"
  checksum: 10c0/4681e682abc006d25eb380d0cf3efc7557043f53b6aea7a5057d0d1e7df849a00e281cd8ea79c902a35a414d7919621fc2ba293ecec05f413598e0b23d5a1e63
  languageName: node
  linkType: hard

"abbrev@npm:^5.0.0":
  version: 5.0.0
  resolution: "abbrev@npm:5.0.0"
  checksum: 10c0/8e88f5c798ea4562d28c5a3e9ad69e3879890bc5d695d8f2dffb8609be4c890aacc8f80ef4553fdd2c6a62d70c2ce8bc57b38074e383beb7487bdafa9ed42ea5
  languageName: node
  linkType: hard

"ansi-regex@npm:^5.0.1":
  version: 5.0.1
  resolution: "ansi-regex@npm:5.0.1"
  checksum: 10c0/9a64bb8627b434ba9327b60c027742e5d17ac69277960d041898596271d992d4d52ba7267a63ca10232e29f6107fc8a835f6ce8d719b88c5f8493f8254813737
  languageName: node
  linkType: hard

"ansi-styles@npm:^4.0.0":
  version: 4.3.0
  resolution: "ansi-styles@npm:4.3.0"
  dependencies:
    color-convert: "npm:^2.0.1"
  checksum: 10c0/895a23929da416f2bd3de7e9cb4eabd340949328ab85ddd6e484a637d8f6820d485f53933446f5291c3b760cbc488beb8e88573dd0f9c7daf83dccc8fe81b041
  languageName: node
  linkType: hard

"anymatch@npm:~3.1.2":
  version: 3.1.3
  resolution: "anymatch@npm:3.1.3"
  dependencies:
    normalize-path: "npm:^3.0.0"
    picomatch: "npm:^2.0.4"
  checksum: 10c0/57b06ae984bc32a0d22592c87384cd88fe4511b1dd7581497831c56d41939c8a001b28e7b853e1450f2bf61992dfcaa8ae2d0d161a0a90c4fb631ef07098fbac
  languageName: node
  linkType: hard

"app@workspace:.":
  version: 0.0.0-use.local
  resolution: "app@workspace:."
  dependencies:
    "@popperjs/core": "npm:^2.11.8"
    autoprefixer: "npm:^10.5.4"
    bootstrap: "npm:^5.3.8"
    bootstrap-icons: "npm:^1.13.1"
    nodemon: "npm:^3.1.14"
    postcss: "npm:^8.5.26"
    postcss-cli: "npm:^11.0.1"
    sass: "npm:^1.103.1"
  languageName: unknown
  linkType: soft

"autoprefixer@npm:^10.5.4":
  version: 10.5.4
  resolution: "autoprefixer@npm:10.5.4"
  dependencies:
    browserslist: "npm:^4.28.6"
    caniuse-lite: "npm:^1.0.30001806"
    fraction.js: "npm:^5.3.4"
    picocolors: "npm:^1.1.1"
    postcss-value-parser: "npm:^4.2.0"
  peerDependencies:
    postcss: ^8.1.0
  bin:
    autoprefixer: bin/autoprefixer
  checksum: 10c0/274ebc9fa50ac0d7a5aa9bc29baa502f2d2006f47a899dac2de4ba86c989defaa62b096e68692e15d53c9ed2b62c57dd047ceba61d344908d8b6e61f220a10e8
  languageName: node
  linkType: hard

"balanced-match@npm:^4.0.2":
  version: 4.0.4
  resolution: "balanced-match@npm:4.0.4"
  checksum: 10c0/07e86102a3eb2ee2a6a1a89164f29d0dbaebd28f2ca3f5ca786f36b8b23d9e417eb3be45a4acf754f837be5ac0a2317de90d3fcb7f4f4dc95720a1f36b26a17b
  languageName: node
  linkType: hard

"baseline-browser-mapping@npm:^2.11.12":
  version: 2.11.20
  resolution: "baseline-browser-mapping@npm:2.11.20"
  bin:
    baseline-browser-mapping: dist/cli.cjs
  checksum: 10c0/67588b7edafa4e6c52996ec4b96b6e007312961cefc5a179cb49232f6681a38ba68d4d43990081e9d0e1dcadcbd28f13105ee7dc3e43b267385d0beb14824ecc
  languageName: node
  linkType: hard

"binary-extensions@npm:^2.0.0":
  version: 2.3.0
  resolution: "binary-extensions@npm:2.3.0"
  checksum: 10c0/75a59cafc10fb12a11d510e77110c6c7ae3f4ca22463d52487709ca7f18f69d886aa387557cc9864fbdb10153d0bdb4caacabf11541f55e89ed6e18d12ece2b5
  languageName: node
  linkType: hard

"bootstrap-icons@npm:^1.13.1":
  version: 1.13.1
  resolution: "bootstrap-icons@npm:1.13.1"
  checksum: 10c0/2c1adeb1796502e67b476ce049c86bc3a7ff7984c61777e056820389a8db5ec6535c12a33f76f3ed52674bca4c01472065a7fbcde6cc384ebb86c2eae51390bd
  languageName: node
  linkType: hard

"bootstrap@npm:^5.3.8":
  version: 5.3.8
  resolution: "bootstrap@npm:5.3.8"
  peerDependencies:
    "@popperjs/core": ^2.11.8
  checksum: 10c0/0039a9df2c3e7bfa04f1abca199c299ff3b75869d578c0cb1721c6f1f203c91531788a5631ecbee01513481979314d0e4ba0d90c2011e6ce18fc2e0bc93e18d9
  languageName: node
  linkType: hard

"brace-expansion@npm:^5.0.8":
  version: 5.0.9
  resolution: "brace-expansion@npm:5.0.9"
  dependencies:
    balanced-match: "npm:^4.0.2"
  checksum: 10c0/3dea38884a1c3c8b1c9c44a7402a0c76fca460f70cffb3127242b0b4cbf4472019e022ade021eec44838ff19f1dac2625dfd11dd459d7e1e055b0698a8d52fec
  languageName: node
  linkType: hard

"braces@npm:~3.0.2":
  version: 3.0.3
  resolution: "braces@npm:3.0.3"
  dependencies:
    fill-range: "npm:^7.1.1"
  checksum: 10c0/7c6dfd30c338d2997ba77500539227b9d1f85e388a5f43220865201e407e076783d0881f2d297b9f80951b4c957fcf0b51c1d2d24227631643c3f7c284b0aa04
  languageName: node
  linkType: hard

"browserslist@npm:^4.28.6":
  version: 4.28.8
  resolution: "browserslist@npm:4.28.8"
  dependencies:
    baseline-browser-mapping: "npm:^2.11.12"
    caniuse-lite: "npm:^1.0.30001809"
    electron-to-chromium: "npm:^1.5.402"
    node-releases: "npm:^2.0.53"
    update-browserslist-db: "npm:^1.3.0"
  bin:
    browserslist: cli.js
  checksum: 10c0/047dd517c8d1f1f56a253d752c3127b8ad01c58e4cbb7e21cb5cd07ebd13e083a2237c3afb13eb60674282c9132bd4534aea2c3ff7c6f7d29be0687a00cbd537
  languageName: node
  linkType: hard

"caniuse-lite@npm:^1.0.30001806, caniuse-lite@npm:^1.0.30001809":
  version: 1.0.30001810
  resolution: "caniuse-lite@npm:1.0.30001810"
  checksum: 10c0/d29bc73f33c888025d54c7ff2984372d3b350b15a6a9e174884fb40976175e9177f202e2a72c2d428dddfc032784bc8ba635a31d168fcab9fac65756d7b3d6b4
  languageName: node
  linkType: hard

"chokidar@npm:^3.3.0, chokidar@npm:^3.5.2":
  version: 3.6.0
  resolution: "chokidar@npm:3.6.0"
  dependencies:
    anymatch: "npm:~3.1.2"
    braces: "npm:~3.0.2"
    fsevents: "npm:~2.3.2"
    glob-parent: "npm:~5.1.2"
    is-binary-path: "npm:~2.1.0"
    is-glob: "npm:~4.0.1"
    normalize-path: "npm:~3.0.0"
    readdirp: "npm:~3.6.0"
  dependenciesMeta:
    fsevents:
      optional: true
  checksum: 10c0/8361dcd013f2ddbe260eacb1f3cb2f2c6f2b0ad118708a343a5ed8158941a39cb8fb1d272e0f389712e74ee90ce8ba864eece9e0e62b9705cb468a2f6d917462
  languageName: node
  linkType: hard

"chokidar@npm:^5.0.0":
  version: 5.0.0
  resolution: "chokidar@npm:5.0.0"
  dependencies:
    readdirp: "npm:^5.0.0"
  checksum: 10c0/42fc907cb2a7ff5c9e220f84dae75380a77997f851c2a5e7865a2cf9ae45dd407a23557208cdcdbf3ac8c93341135a1748e4c48c31855f3bfa095e5159b6bdec
  languageName: node
  linkType: hard

"chownr@npm:^3.0.0":
  version: 3.0.0
  resolution: "chownr@npm:3.0.0"
  checksum: 10c0/43925b87700f7e3893296c8e9c56cc58f926411cce3a6e5898136daaf08f08b9a8eb76d37d3267e707d0dcc17aed2e2ebdf5848c0c3ce95cf910a919935c1b10
  languageName: node
  linkType: hard

"cliui@npm:^8.0.1":
  version: 8.0.1
  resolution: "cliui@npm:8.0.1"
  dependencies:
    string-width: "npm:^4.2.0"
    strip-ansi: "npm:^6.0.1"
    wrap-ansi: "npm:^7.0.0"
  checksum: 10c0/4bda0f09c340cbb6dfdc1ed508b3ca080f12992c18d68c6be4d9cf51756033d5266e61ec57529e610dacbf4da1c634423b0c1b11037709cc6b09045cbd815df5
  languageName: node
  linkType: hard

"color-convert@npm:^2.0.1":
  version: 2.0.1
  resolution: "color-convert@npm:2.0.1"
  dependencies:
    color-name: "npm:~1.1.4"
  checksum: 10c0/37e1150172f2e311fe1b2df62c6293a342ee7380da7b9cfdba67ea539909afbd74da27033208d01d6d5cfc65ee7868a22e18d7e7648e004425441c0f8a15a7d7
  languageName: node
  linkType: hard

"color-name@npm:~1.1.4":
  version: 1.1.4
  resolution: "color-name@npm:1.1.4"
  checksum: 10c0/a1a3f914156960902f46f7f56bc62effc6c94e84b2cae157a526b1c1f74b677a47ec602bf68a61abfa2b42d15b7c5651c6dbe72a43af720bc588dff885b10f95
  languageName: node
  linkType: hard

"debug@npm:^4":
  version: 4.4.3
  resolution: "debug@npm:4.4.3"
  dependencies:
    ms: "npm:^2.1.3"
  peerDependenciesMeta:
    supports-color:
      optional: true
  checksum: 10c0/d79136ec6c83ecbefd0f6a5593da6a9c91ec4d7ddc4b54c883d6e71ec9accb5f67a1a5e96d00a328196b5b5c86d365e98d8a3a70856aaf16b4e7b1985e67f5a6
  languageName: node
  linkType: hard

"dependency-graph@npm:^1.0.0":
  version: 1.0.0
  resolution: "dependency-graph@npm:1.0.0"
  checksum: 10c0/10d1e248ab68a33654335559bae5ec142c51959cbff1cba8b35cdccfdc12eb8d136227df85c31b71b9ee9fed1b2bfbd01721661b4f927e12d890d13c4230788f
  languageName: node
  linkType: hard

"detect-libc@npm:^2.0.3":
  version: 2.1.2
  resolution: "detect-libc@npm:2.1.2"
  checksum: 10c0/acc675c29a5649fa1fb6e255f993b8ee829e510b6b56b0910666949c80c364738833417d0edb5f90e4e46be17228b0f2b66a010513984e18b15deeeac49369c4
  languageName: node
  linkType: hard

"electron-to-chromium@npm:^1.5.402":
  version: 1.5.416
  resolution: "electron-to-chromium@npm:1.5.416"
  checksum: 10c0/d69c0fef4fc18f4a01f7c1dfda2e7e648e4e8c6e60072dde693643a9725ba19c99353d0f5f6ba75a214c7fd7410817a518342281ee638461accb6cf24aa254ca
  languageName: node
  linkType: hard

"emoji-regex@npm:^8.0.0":
  version: 8.0.0
  resolution: "emoji-regex@npm:8.0.0"
  checksum: 10c0/b6053ad39951c4cf338f9092d7bfba448cdfd46fe6a2a034700b149ac9ffbc137e361cbd3c442297f86bed2e5f7576c1b54cc0a6bf8ef5106cc62f496af35010
  languageName: node
  linkType: hard

"env-paths@npm:^2.2.0":
  version: 2.2.1
  resolution: "env-paths@npm:2.2.1"
  checksum: 10c0/285325677bf00e30845e330eec32894f5105529db97496ee3f598478e50f008c5352a41a30e5e72ec9de8a542b5a570b85699cd63bd2bc646dbcb9f311d83bc4
  languageName: node
  linkType: hard

"escalade@npm:^3.1.1, escalade@npm:^3.2.0":
  version: 3.2.0
  resolution: "escalade@npm:3.2.0"
  checksum: 10c0/ced4dd3a78e15897ed3be74e635110bbf3b08877b0a41be50dcb325ee0e0b5f65fc2d50e9845194d7c4633f327e2e1c6cce00a71b617c5673df0374201d67f65
  languageName: node
  linkType: hard

"exponential-backoff@npm:^3.1.1":
  version: 3.1.3
  resolution: "exponential-backoff@npm:3.1.3"
  checksum: 10c0/77e3ae682b7b1f4972f563c6dbcd2b0d54ac679e62d5d32f3e5085feba20483cf28bd505543f520e287a56d4d55a28d7874299941faf637e779a1aa5994d1267
  languageName: node
  linkType: hard

"fdir@npm:^6.5.0":
  version: 6.5.0
  resolution: "fdir@npm:6.5.0"
  peerDependencies:
    picomatch: ^3 || ^4
  peerDependenciesMeta:
    picomatch:
      optional: true
  checksum: 10c0/e345083c4306b3aed6cb8ec551e26c36bab5c511e99ea4576a16750ddc8d3240e63826cc624f5ae17ad4dc82e68a253213b60d556c11bfad064b7607847ed07f
  languageName: node
  linkType: hard

"fill-range@npm:^7.1.1":
  version: 7.1.1
  resolution: "fill-range@npm:7.1.1"
  dependencies:
    to-regex-range: "npm:^5.0.1"
  checksum: 10c0/b75b691bbe065472f38824f694c2f7449d7f5004aa950426a2c28f0306c60db9b880c0b0e4ed819997ffb882d1da02cfcfc819bddc94d71627f5269682edf018
  languageName: node
  linkType: hard

"fraction.js@npm:^5.3.4":
  version: 5.3.4
  resolution: "fraction.js@npm:5.3.4"
  checksum: 10c0/f90079fe9bfc665e0a07079938e8ff71115bce9462f17b32fc283f163b0540ec34dc33df8ed41bb56f028316b04361b9a9995b9ee9258617f8338e0b05c5f95a
  languageName: node
  linkType: hard

"fs-extra@npm:^11.0.0":
  version: 11.4.0
  resolution: "fs-extra@npm:11.4.0"
  dependencies:
    graceful-fs: "npm:^4.2.0"
    jsonfile: "npm:^6.0.1"
    universalify: "npm:^2.0.0"
  checksum: 10c0/1e311eca820a12d3d795f2043dcd5628d017f4d21e634f3f9ef314ae68bee9979758262fb9cb35ffa6f26454c3fffe8b15558733e91e8fc729b07b10bb98d8b6
  languageName: node
  linkType: hard

"fsevents@npm:~2.3.2":
  version: 2.3.3
  resolution: "fsevents@npm:2.3.3"
  dependencies:
    node-gyp: "npm:latest"
  checksum: 10c0/a1f0c44595123ed717febbc478aa952e47adfc28e2092be66b8ab1635147254ca6cfe1df792a8997f22716d4cbafc73309899ff7bfac2ac3ad8cf2e4ecc3ec60
  conditions: os=darwin
  languageName: node
  linkType: hard

"fsevents@patch:fsevents@npm%3A~2.3.2#optional!builtin<compat/fsevents>":
  version: 2.3.3
  resolution: "fsevents@patch:fsevents@npm%3A2.3.3#optional!builtin<compat/fsevents>::version=2.3.3&hash=df0bf1"
  dependencies:
    node-gyp: "npm:latest"
  conditions: os=darwin
  languageName: node
  linkType: hard

"get-caller-file@npm:^2.0.5":
  version: 2.0.5
  resolution: "get-caller-file@npm:2.0.5"
  checksum: 10c0/c6c7b60271931fa752aeb92f2b47e355eac1af3a2673f47c9589e8f8a41adc74d45551c1bc57b5e66a80609f10ffb72b6f575e4370d61cc3f7f3aaff01757cde
  languageName: node
  linkType: hard

"glob-parent@npm:~5.1.2":
  version: 5.1.2
  resolution: "glob-parent@npm:5.1.2"
  dependencies:
    is-glob: "npm:^4.0.1"
  checksum: 10c0/cab87638e2112bee3f839ef5f6e0765057163d39c66be8ec1602f3823da4692297ad4e972de876ea17c44d652978638d2fd583c6713d0eb6591706825020c9ee
  languageName: node
  linkType: hard

"graceful-fs@npm:^4.1.6, graceful-fs@npm:^4.2.0, graceful-fs@npm:^4.2.6":
  version: 4.2.11
  resolution: "graceful-fs@npm:4.2.11"
  checksum: 10c0/386d011a553e02bc594ac2ca0bd6d9e4c22d7fa8cfbfc448a6d148c59ea881b092db9dbe3547ae4b88e55f1b01f7c4a2ecc53b310c042793e63aa44cf6c257f2
  languageName: node
  linkType: hard

"has-flag@npm:^3.0.0":
  version: 3.0.0
  resolution: "has-flag@npm:3.0.0"
  checksum: 10c0/1c6c83b14b8b1b3c25b0727b8ba3e3b647f99e9e6e13eb7322107261de07a4c1be56fc0d45678fc376e09772a3a1642ccdaf8fc69bdf123b6c086598397ce473
  languageName: node
  linkType: hard

"ignore-by-default@npm:^1.0.1":
  version: 1.0.1
  resolution: "ignore-by-default@npm:1.0.1"
  checksum: 10c0/9ab6e70e80f7cc12735def7ecb5527cfa56ab4e1152cd64d294522827f2dcf1f6d85531241537dc3713544e88dd888f65cb3c49c7b2cddb9009087c75274e533
  languageName: node
  linkType: hard

"immutable@npm:^5.1.5":
  version: 5.1.9
  resolution: "immutable@npm:5.1.9"
  checksum: 10c0/ae7032b60b81b682f3e7e4df13e1ec9a401a603eb81b15bb3e37331ed6666e318c71994c6936e1462eb443d32d04769396562a7e2669da22457c8ba279c03ad2
  languageName: node
  linkType: hard

"is-binary-path@npm:~2.1.0":
  version: 2.1.0
  resolution: "is-binary-path@npm:2.1.0"
  dependencies:
    binary-extensions: "npm:^2.0.0"
  checksum: 10c0/a16eaee59ae2b315ba36fad5c5dcaf8e49c3e27318f8ab8fa3cdb8772bf559c8d1ba750a589c2ccb096113bb64497084361a25960899cb6172a6925ab6123d38
  languageName: node
  linkType: hard

"is-extglob@npm:^2.1.1":
  version: 2.1.1
  resolution: "is-extglob@npm:2.1.1"
  checksum: 10c0/5487da35691fbc339700bbb2730430b07777a3c21b9ebaecb3072512dfd7b4ba78ac2381a87e8d78d20ea08affb3f1971b4af629173a6bf435ff8a4c47747912
  languageName: node
  linkType: hard

"is-fullwidth-code-point@npm:^3.0.0":
  version: 3.0.0
  resolution: "is-fullwidth-code-point@npm:3.0.0"
  checksum: 10c0/bb11d825e049f38e04c06373a8d72782eee0205bda9d908cc550ccb3c59b99d750ff9537982e01733c1c94a58e35400661f57042158ff5e8f3e90cf936daf0fc
  languageName: node
  linkType: hard

"is-glob@npm:^4.0.1, is-glob@npm:^4.0.3, is-glob@npm:~4.0.1":
  version: 4.0.3
  resolution: "is-glob@npm:4.0.3"
  dependencies:
    is-extglob: "npm:^2.1.1"
  checksum: 10c0/17fb4014e22be3bbecea9b2e3a76e9e34ff645466be702f1693e8f1ee1adac84710d0be0bd9f967d6354036fd51ab7c2741d954d6e91dae6bb69714de92c197a
  languageName: node
  linkType: hard

"is-number@npm:^7.0.0":
  version: 7.0.0
  resolution: "is-number@npm:7.0.0"
  checksum: 10c0/b4686d0d3053146095ccd45346461bc8e53b80aeb7671cc52a4de02dbbf7dc0d1d2a986e2fe4ae206984b4d34ef37e8b795ebc4f4295c978373e6575e295d811
  languageName: node
  linkType: hard

"isexe@npm:^4.0.0":
  version: 4.0.0
  resolution: "isexe@npm:4.0.0"
  checksum: 10c0/5884815115bceac452877659a9c7726382531592f43dc29e5d48b7c4100661aed54018cb90bd36cb2eaeba521092570769167acbb95c18d39afdccbcca06c5ce
  languageName: node
  linkType: hard

"jsonfile@npm:^6.0.1":
  version: 6.2.1
  resolution: "jsonfile@npm:6.2.1"
  dependencies:
    graceful-fs: "npm:^4.1.6"
    universalify: "npm:^2.0.0"
  dependenciesMeta:
    graceful-fs:
      optional: true
  checksum: 10c0/e1abf000ecee9942d4d028a8e02dc752617face227d72afd1cfb2187e2433079e625bf82b807a313689db71b6472c6b2b389a2340d2798737b1199a39631c28a
  languageName: node
  linkType: hard

"lilconfig@npm:^3.1.1":
  version: 3.1.3
  resolution: "lilconfig@npm:3.1.3"
  checksum: 10c0/f5604e7240c5c275743561442fbc5abf2a84ad94da0f5adc71d25e31fa8483048de3dcedcb7a44112a942fed305fd75841cdf6c9681c7f640c63f1049e9a5dcc
  languageName: node
  linkType: hard

"minimatch@npm:^10.2.1":
  version: 10.2.6
  resolution: "minimatch@npm:10.2.6"
  dependencies:
    brace-expansion: "npm:^5.0.8"
  checksum: 10c0/4559a836243b98bd4d17ea9f7edae698717c76399eea7be374f3737f33164e4907f19e9726891ddeb122f750a5a7fa80d2ac43e851d6e5984dc4ff42ec127d3a
  languageName: node
  linkType: hard

"minipass@npm:^7.0.4, minipass@npm:^7.1.2":
  version: 7.1.3
  resolution: "minipass@npm:7.1.3"
  checksum: 10c0/539da88daca16533211ea5a9ee98dc62ff5742f531f54640dd34429e621955e91cc280a91a776026264b7f9f6735947629f920944e9c1558369e8bf22eb33fbb
  languageName: node
  linkType: hard

"minizlib@npm:^3.1.0":
  version: 3.1.0
  resolution: "minizlib@npm:3.1.0"
  dependencies:
    minipass: "npm:^7.1.2"
  checksum: 10c0/5aad75ab0090b8266069c9aabe582c021ae53eb33c6c691054a13a45db3b4f91a7fb1bd79151e6b4e9e9a86727b522527c0a06ec7d45206b745d54cd3097bcec
  languageName: node
  linkType: hard

"ms@npm:^2.1.3":
  version: 2.1.3
  resolution: "ms@npm:2.1.3"
  checksum: 10c0/d924b57e7312b3b63ad21fc5b3dc0af5e78d61a1fc7cfb5457edaf26326bf62be5307cc87ffb6862ef1c2b33b0233cdb5d4f01c4c958cc0d660948b65a287a48
  languageName: node
  linkType: hard

"nanoid@npm:^3.3.17":
  version: 3.3.18
  resolution: "nanoid@npm:3.3.18"
  bin:
    nanoid: bin/nanoid.cjs
  checksum: 10c0/b994b4e396730f8be2520923284e2040d61eaee55cc6d4935ef6d38d34bafdc46133eda4d3faea5073bda545aa6079d82b886caeac5c731cf9ac18bcc1301425
  languageName: node
  linkType: hard

"node-addon-api@npm:^7.0.0":
  version: 7.1.1
  resolution: "node-addon-api@npm:7.1.1"
  dependencies:
    node-gyp: "npm:latest"
  checksum: 10c0/fb32a206276d608037fa1bcd7e9921e177fe992fc610d098aa3128baca3c0050fc1e014fa007e9b3874cf865ddb4f5bd9f43ccb7cbbbe4efaff6a83e920b17e9
  languageName: node
  linkType: hard

"node-gyp@npm:latest":
  version: 13.0.2
  resolution: "node-gyp@npm:13.0.2"
  dependencies:
    env-paths: "npm:^2.2.0"
    exponential-backoff: "npm:^3.1.1"
    graceful-fs: "npm:^4.2.6"
    nopt: "npm:^10.0.0"
    proc-log: "npm:^7.0.0"
    semver: "npm:^7.3.5"
    tar: "npm:^7.5.4"
    tinyglobby: "npm:^0.2.12"
    undici: "npm:^8.4.1"
    which: "npm:^7.0.0"
  bin:
    node-gyp: bin/node-gyp.js
  checksum: 10c0/29d33ccf47ffeeb5e7af925550b416f698a26a72eb10975c7eb5775c1d0cecacd76d164a4aa45503d3ddcece209db65c712be00423c69381a4cd14e2e6540559
  languageName: node
  linkType: hard

"node-releases@npm:^2.0.53":
  version: 2.0.54
  resolution: "node-releases@npm:2.0.54"
  checksum: 10c0/196b54ab06fd03b742816b6ca8185c69af42735b283083036e2579682c430b8f9ff89046891fe8c625557e5885793a2032d28070100bb2e57e6d6586b2f483c1
  languageName: node
  linkType: hard

"nodemon@npm:^3.1.14":
  version: 3.1.14
  resolution: "nodemon@npm:3.1.14"
  dependencies:
    chokidar: "npm:^3.5.2"
    debug: "npm:^4"
    ignore-by-default: "npm:^1.0.1"
    minimatch: "npm:^10.2.1"
    pstree.remy: "npm:^1.1.8"
    semver: "npm:^7.5.3"
    simple-update-notifier: "npm:^2.0.0"
    supports-color: "npm:^5.5.0"
    touch: "npm:^3.1.0"
    undefsafe: "npm:^2.0.5"
  bin:
    nodemon: bin/nodemon.js
  checksum: 10c0/074f2056051a148ad11cda0d6c3f905bdef93a878792385f16e1dff0c63dcf07f23ebe1ab3763dca7314d0266e12129f066070545d817a205ee050a22eff50b0
  languageName: node
  linkType: hard

"nopt@npm:^10.0.0":
  version: 10.0.1
  resolution: "nopt@npm:10.0.1"
  dependencies:
    abbrev: "npm:^5.0.0"
  bin:
    nopt: bin/nopt.js
  checksum: 10c0/980d89257f9587f3e1f77877ddbf905d6aa3b738ec33e49a4fa1a059a0dd82eb28063982b150654a7ae9de386f2ead60e56172db7d37cf56de545f7392a2a26a
  languageName: node
  linkType: hard

"normalize-path@npm:^3.0.0, normalize-path@npm:~3.0.0":
  version: 3.0.0
  resolution: "normalize-path@npm:3.0.0"
  checksum: 10c0/e008c8142bcc335b5e38cf0d63cfd39d6cf2d97480af9abdbe9a439221fd4d749763bab492a8ee708ce7a194bb00c9da6d0a115018672310850489137b3da046
  languageName: node
  linkType: hard

"picocolors@npm:^1.0.0, picocolors@npm:^1.1.1":
  version: 1.1.1
  resolution: "picocolors@npm:1.1.1"
  checksum: 10c0/e2e3e8170ab9d7c7421969adaa7e1b31434f789afb9b3f115f6b96d91945041ac3ceb02e9ec6fe6510ff036bcc0bf91e69a1772edc0b707e12b19c0f2d6bcf58
  languageName: node
  linkType: hard

"picomatch@npm:^2.0.4, picomatch@npm:^2.2.1":
  version: 2.3.2
  resolution: "picomatch@npm:2.3.2"
  checksum: 10c0/a554d1709e59be97d1acb9eaedbbc700a5c03dbd4579807baed95100b00420bc729335440ef15004ae2378984e2487a7c1cebd743cfdb72b6fa9ab69223c0d61
  languageName: node
  linkType: hard

"picomatch@npm:^4.0.4":
  version: 4.0.7
  resolution: "picomatch@npm:4.0.7"
  checksum: 10c0/beb6ae02c43ae44e84883b90830196d9046b1726ead292adcf7f57945e0bb0d992d68563d87e03b484b6f3c9a5c6defda7523477f047d7f0e663f126cc01787f
  languageName: node
  linkType: hard

"postcss-cli@npm:^11.0.1":
  version: 11.0.1
  resolution: "postcss-cli@npm:11.0.1"
  dependencies:
    chokidar: "npm:^3.3.0"
    dependency-graph: "npm:^1.0.0"
    fs-extra: "npm:^11.0.0"
    picocolors: "npm:^1.0.0"
    postcss-load-config: "npm:^5.0.0"
    postcss-reporter: "npm:^7.0.0"
    pretty-hrtime: "npm:^1.0.3"
    read-cache: "npm:^1.0.0"
    slash: "npm:^5.0.0"
    tinyglobby: "npm:^0.2.12"
    yargs: "npm:^17.0.0"
  peerDependencies:
    postcss: ^8.0.0
  bin:
    postcss: index.js
  checksum: 10c0/4aa0b517269e27d288cbbcff54f572f95ca45fe082e49b77e9c3c3582ad0312bc65f98d98d3d98d18d8f64c473546277596e85ce6572b4d3e9c3b4ef8a1aff71
  languageName: node
  linkType: hard

"postcss-load-config@npm:^5.0.0":
  version: 5.1.0
  resolution: "postcss-load-config@npm:5.1.0"
  dependencies:
    lilconfig: "npm:^3.1.1"
    yaml: "npm:^2.4.2"
  peerDependencies:
    jiti: ">=1.21.0"
    postcss: ">=8.0.9"
    tsx: ^4.8.1
  peerDependenciesMeta:
    jiti:
      optional: true
    postcss:
      optional: true
    tsx:
      optional: true
  checksum: 10c0/1631f2869619387166cf0aa900b5f3f652578862c0abbd8d9e9e1d679929c42720dd65f7ce60ccf930f94d4440ebdc3aa6b69d33e2df82b761a079d8cba87e23
  languageName: node
  linkType: hard

"postcss-reporter@npm:^7.0.0":
  version: 7.1.0
  resolution: "postcss-reporter@npm:7.1.0"
  dependencies:
    picocolors: "npm:^1.0.0"
    thenby: "npm:^1.3.4"
  peerDependencies:
    postcss: ^8.1.0
  checksum: 10c0/c58280a58efd689645a1e59e5cd31f9e8bebef0581177cbe0db23b52f2de5fdc60027ec2fa18d82f5d2d947058570f6e230dfdd88c70b0cedb45b708512f1931
  languageName: node
  linkType: hard

"postcss-value-parser@npm:^4.2.0":
  version: 4.2.0
  resolution: "postcss-value-parser@npm:4.2.0"
  checksum: 10c0/f4142a4f56565f77c1831168e04e3effd9ffcc5aebaf0f538eee4b2d465adfd4b85a44257bb48418202a63806a7da7fe9f56c330aebb3cac898e46b4cbf49161
  languageName: node
  linkType: hard

"postcss@npm:^8.5.26":
  version: 8.5.26
  resolution: "postcss@npm:8.5.26"
  dependencies:
    nanoid: "npm:^3.3.17"
    picocolors: "npm:^1.1.1"
    source-map-js: "npm:^1.2.1"
  checksum: 10c0/2bdafc00d96bd57b6649a52e458864a4bf58ee56cfdbe4aea1472b5cccc127e6c1ad653bd0bec50d211e650eb0b9270c80e1e72aff2e2fa40d9e7363234d6e43
  languageName: node
  linkType: hard

"pretty-hrtime@npm:^1.0.3":
  version: 1.0.3
  resolution: "pretty-hrtime@npm:1.0.3"
  checksum: 10c0/67cb3fc283a72252b49ac488647e6a01b78b7aa1b8f2061834aa1650691229081518ef3ca940f77f41cc8a8f02ba9eeb74b843481596670209e493062f2e89e0
  languageName: node
  linkType: hard

"proc-log@npm:^7.0.0":
  version: 7.0.0
  resolution: "proc-log@npm:7.0.0"
  checksum: 10c0/b89c2d862604f35fec795477b0c7e376feab3ba0d4f4d291c4e959567442697cf451ac557d0623c1cc38af45a78128b983410f397a10c5d3a67f76c33de4754b
  languageName: node
  linkType: hard

"pstree.remy@npm:^1.1.8":
  version: 1.1.8
  resolution: "pstree.remy@npm:1.1.8"
  checksum: 10c0/30f78c88ce6393cb3f7834216cb6e282eb83c92ccb227430d4590298ab2811bc4a4745f850a27c5178e79a8f3e316591de0fec87abc19da648c2b3c6eb766d14
  languageName: node
  linkType: hard

"read-cache@npm:^1.0.0":
  version: 1.0.2
  resolution: "read-cache@npm:1.0.2"
  checksum: 10c0/c1b3c8d2a492630ebb78c9fe9bb5c3af7444e374f9771895b7fd4de89a685f22228cea7aa1d6096ec61f7dd00b8910ab311f4b35fdd45b2163cb3aec69b23b45
  languageName: node
  linkType: hard

"readdirp@npm:^5.0.0":
  version: 5.1.1
  resolution: "readdirp@npm:5.1.1"
  checksum: 10c0/5e99755684b9104761e48801828f4d2614efa33b1698629929c5985184dc63a7f8233c827832c40dc7be16b00cc871d303cf9de396d2fb74b9465ee2aa2424a1
  languageName: node
  linkType: hard

"readdirp@npm:~3.6.0":
  version: 3.6.0
  resolution: "readdirp@npm:3.6.0"
  dependencies:
    picomatch: "npm:^2.2.1"
  checksum: 10c0/6fa848cf63d1b82ab4e985f4cf72bd55b7dcfd8e0a376905804e48c3634b7e749170940ba77b32804d5fe93b3cc521aa95a8d7e7d725f830da6d93f3669ce66b
  languageName: node
  linkType: hard

"require-directory@npm:^2.1.1":
  version: 2.1.1
  resolution: "require-directory@npm:2.1.1"
  checksum: 10c0/83aa76a7bc1531f68d92c75a2ca2f54f1b01463cb566cf3fbc787d0de8be30c9dbc211d1d46be3497dac5785fe296f2dd11d531945ac29730643357978966e99
  languageName: node
  linkType: hard

"sass@npm:^1.103.1":
  version: 1.103.1
  resolution: "sass@npm:1.103.1"
  dependencies:
    "@parcel/watcher": "npm:^2.4.1"
    chokidar: "npm:^5.0.0"
    immutable: "npm:^5.1.5"
    source-map-js: "npm:>=0.6.2 <2.0.0"
  dependenciesMeta:
    "@parcel/watcher":
      optional: true
  bin:
    sass: sass.js
  checksum: 10c0/8c786a201d9484e9968784d672372fabb342f3b4d1c4629ffdcfba92e4f2c00e659f4e32244c870850f7c2d254ce773da3fc1ec40b4282ccd113c0c086fa36bd
  languageName: node
  linkType: hard

"semver@npm:^7.3.5, semver@npm:^7.5.3":
  version: 7.8.5
  resolution: "semver@npm:7.8.5"
  bin:
    semver: bin/semver.js
  checksum: 10c0/b1f3127a5be8125a94f37188b361c212466c292c6910adce3ec106cff5dc211ccaedc4739c11bb70fda59d6fc1f040a9bca289f4e093451521a2372e5231fe0c
  languageName: node
  linkType: hard

"simple-update-notifier@npm:^2.0.0":
  version: 2.0.0
  resolution: "simple-update-notifier@npm:2.0.0"
  dependencies:
    semver: "npm:^7.5.3"
  checksum: 10c0/2a00bd03bfbcbf8a737c47ab230d7920f8bfb92d1159d421bdd194479f6d01ebc995d13fbe13d45dace23066a78a3dc6642999b4e3b38b847e6664191575b20c
  languageName: node
  linkType: hard

"slash@npm:^5.0.0":
  version: 5.1.0
  resolution: "slash@npm:5.1.0"
  checksum: 10c0/eb48b815caf0bdc390d0519d41b9e0556a14380f6799c72ba35caf03544d501d18befdeeef074bc9c052acf69654bc9e0d79d7f1de0866284137a40805299eb3
  languageName: node
  linkType: hard

"source-map-js@npm:>=0.6.2 <2.0.0, source-map-js@npm:^1.2.1":
  version: 1.2.1
  resolution: "source-map-js@npm:1.2.1"
  checksum: 10c0/7bda1fc4c197e3c6ff17de1b8b2c20e60af81b63a52cb32ec5a5d67a20a7d42651e2cb34ebe93833c5a2a084377e17455854fee3e21e7925c64a51b6a52b0faf
  languageName: node
  linkType: hard

"string-width@npm:^4.1.0, string-width@npm:^4.2.0, string-width@npm:^4.2.3":
  version: 4.2.3
  resolution: "string-width@npm:4.2.3"
  dependencies:
    emoji-regex: "npm:^8.0.0"
    is-fullwidth-code-point: "npm:^3.0.0"
    strip-ansi: "npm:^6.0.1"
  checksum: 10c0/1e525e92e5eae0afd7454086eed9c818ee84374bb80328fc41217ae72ff5f065ef1c9d7f72da41de40c75fa8bb3dee63d92373fd492c84260a552c636392a47b
  languageName: node
  linkType: hard

"strip-ansi@npm:^6.0.0, strip-ansi@npm:^6.0.1":
  version: 6.0.1
  resolution: "strip-ansi@npm:6.0.1"
  dependencies:
    ansi-regex: "npm:^5.0.1"
  checksum: 10c0/1ae5f212a126fe5b167707f716942490e3933085a5ff6c008ab97ab2f272c8025d3aa218b7bd6ab25729ca20cc81cddb252102f8751e13482a5199e873680952
  languageName: node
  linkType: hard

"supports-color@npm:^5.5.0":
  version: 5.5.0
  resolution: "supports-color@npm:5.5.0"
  dependencies:
    has-flag: "npm:^3.0.0"
  checksum: 10c0/6ae5ff319bfbb021f8a86da8ea1f8db52fac8bd4d499492e30ec17095b58af11f0c55f8577390a749b1c4dde691b6a0315dab78f5f54c9b3d83f8fb5905c1c05
  languageName: node
  linkType: hard

"tar@npm:^7.5.4":
  version: 7.5.22
  resolution: "tar@npm:7.5.22"
  dependencies:
    "@isaacs/fs-minipass": "npm:^4.0.0"
    chownr: "npm:^3.0.0"
    minipass: "npm:^7.1.2"
    minizlib: "npm:^3.1.0"
    yallist: "npm:^5.0.0"
  checksum: 10c0/1311f6be85a8157ac4c9147bae43e13923d2a1aae15e4aa1bd5239e4e03d2cf53cfe103dde7f35832fbb4c938b042856bc8e9a0afd29abd05e2d1608788c4fea
  languageName: node
  linkType: hard

"thenby@npm:^1.3.4":
  version: 1.4.1
  resolution: "thenby@npm:1.4.1"
  checksum: 10c0/bb0d26f4926eed3092e2a9db617ae8d80aa6a80a919853b8bf83997e48570a880aa7831c410e769d89555e2e040f527555aac7d4d541f13a533584dda025178f
  languageName: node
  linkType: hard

"tinyglobby@npm:^0.2.12":
  version: 0.2.17
  resolution: "tinyglobby@npm:0.2.17"
  dependencies:
    fdir: "npm:^6.5.0"
    picomatch: "npm:^4.0.4"
  checksum: 10c0/7f7bb0f197c88bc4b20c231e0deca4240ca3bf313a88f5a7fee93a872b84966a4d50220947c0455ad07a60b3b360961c5b7fd979222aeb716a9f99b412002e4c
  languageName: node
  linkType: hard

"to-regex-range@npm:^5.0.1":
  version: 5.0.1
  resolution: "to-regex-range@npm:5.0.1"
  dependencies:
    is-number: "npm:^7.0.0"
  checksum: 10c0/487988b0a19c654ff3e1961b87f471702e708fa8a8dd02a298ef16da7206692e8552a0250e8b3e8759270f62e9d8314616f6da274734d3b558b1fc7b7724e892
  languageName: node
  linkType: hard

"touch@npm:^3.1.0":
  version: 3.1.1
  resolution: "touch@npm:3.1.1"
  bin:
    nodetouch: bin/nodetouch.js
  checksum: 10c0/d2e4d269a42c846a22a29065b9af0b263de58effc85a1764bb7a2e8fc4b47700e9e2fcbd7eb1f5bffbb7c73d860f93600cef282b93ddac8f0b62321cb498b36e
  languageName: node
  linkType: hard

"undefsafe@npm:^2.0.5":
  version: 2.0.5
  resolution: "undefsafe@npm:2.0.5"
  checksum: 10c0/96c0466a5fbf395917974a921d5d4eee67bca4b30d3a31ce7e621e0228c479cf893e783a109af6e14329b52fe2f0cb4108665fad2b87b0018c0df6ac771261d5
  languageName: node
  linkType: hard

"undici@npm:^8.4.1":
  version: 8.10.0
  resolution: "undici@npm:8.10.0"
  checksum: 10c0/37ae2b1db8f65c3a003504e2040e96887b99f9db16ba07dcf49c37ed8b7f8c72f4452f2d46f52f7c9e49518fe8325e3b5e7e02ac3a2424886bd67d4b62a0ecab
  languageName: node
  linkType: hard

"universalify@npm:^2.0.0":
  version: 2.0.1
  resolution: "universalify@npm:2.0.1"
  checksum: 10c0/73e8ee3809041ca8b818efb141801a1004e3fc0002727f1531f4de613ea281b494a40909596dae4a042a4fb6cd385af5d4db2e137b1362e0e91384b828effd3a
  languageName: node
  linkType: hard

"update-browserslist-db@npm:^1.3.0":
  version: 1.3.2
  resolution: "update-browserslist-db@npm:1.3.2"
  dependencies:
    escalade: "npm:^3.2.0"
    picocolors: "npm:^1.1.1"
  peerDependencies:
    browserslist: ">= 4.21.0"
  bin:
    update-browserslist-db: cli.js
  checksum: 10c0/837b4ea8c4934228c5c2a922ea747a54b0ec9d1c408d2fbc9220a9b98327c04109776e6ea1206fa056ea61ed8534863af472d9f2cfce569d35f04e98c95db739
  languageName: node
  linkType: hard

"which@npm:^7.0.0":
  version: 7.0.0
  resolution: "which@npm:7.0.0"
  dependencies:
    isexe: "npm:^4.0.0"
  bin:
    node-which: bin/which.js
  checksum: 10c0/ca0b54f198f78bbc4b7c02e34bda8d335cb352e0adb4cbca1c37b1a957af3a879a82c4c27ca6525bc942f548d8b64f816ef6528360af9f3de55ffb9b979b620d
  languageName: node
  linkType: hard

"wrap-ansi@npm:^7.0.0":
  version: 7.0.0
  resolution: "wrap-ansi@npm:7.0.0"
  dependencies:
    ansi-styles: "npm:^4.0.0"
    string-width: "npm:^4.1.0"
    strip-ansi: "npm:^6.0.0"
  checksum: 10c0/d15fc12c11e4cbc4044a552129ebc75ee3f57aa9c1958373a4db0292d72282f54373b536103987a4a7594db1ef6a4f10acf92978f79b98c49306a4b58c77d4da
  languageName: node
  linkType: hard

"y18n@npm:^5.0.5":
  version: 5.0.8
  resolution: "y18n@npm:5.0.8"
  checksum: 10c0/4df2842c36e468590c3691c894bc9cdbac41f520566e76e24f59401ba7d8b4811eb1e34524d57e54bc6d864bcb66baab7ffd9ca42bf1eda596618f9162b91249
  languageName: node
  linkType: hard

"yallist@npm:^5.0.0":
  version: 5.0.0
  resolution: "yallist@npm:5.0.0"
  checksum: 10c0/a499c81ce6d4a1d260d4ea0f6d49ab4da09681e32c3f0472dee16667ed69d01dae63a3b81745a24bd78476ec4fcf856114cb4896ace738e01da34b2c42235416
  languageName: node
  linkType: hard

"yaml@npm:^2.4.2":
  version: 2.9.0
  resolution: "yaml@npm:2.9.0"
  bin:
    yaml: bin.mjs
  checksum: 10c0/f340718df45e97a9551b9bf9dac61c80050bc464513b710debfb5067c380c8472e3b67809cffacb4ab5ffb5e66ef9310816c88b05f371cec60abfedd8c88e0a2
  languageName: node
  linkType: hard

"yargs-parser@npm:^21.1.1":
  version: 21.1.1
  resolution: "yargs-parser@npm:21.1.1"
  checksum: 10c0/f84b5e48169479d2f402239c59f084cfd1c3acc197a05c59b98bab067452e6b3ea46d4dd8ba2985ba7b3d32a343d77df0debd6b343e5dae3da2aab2cdf5886b2
  languageName: node
  linkType: hard

"yargs@npm:^17.0.0":
  version: 17.7.3
  resolution: "yargs@npm:17.7.3"
  dependencies:
    cliui: "npm:^8.0.1"
    escalade: "npm:^3.1.1"
    get-caller-file: "npm:^2.0.5"
    require-directory: "npm:^2.1.1"
    string-width: "npm:^4.2.3"
    y18n: "npm:^5.0.5"
    yargs-parser: "npm:^21.1.1"
  checksum: 10c0/7a28572f7e785a57886e34fdbddb9b28756dec552e1453d5f6e7cdd00ad8721a4e8c4321d33683f5e61cacb36ad43258adbb48396b71ec4ed14abee0fc0d0c1f
  languageName: node
  linkType: hard
